// !$*UTF8*$!
{
	archiveVersion = 1;
	classes = {
	};
	objectVersion = 46;
	objects = {

/* Begin PBXBuildFile section */
		05FCAD631885D4E7006F8B21 /* Foundation.framework in Frameworks */ = {isa = PBXBuildFile; fileRef = 05FCAD621885D4E7006F8B21 /* Foundation.framework */; };
		05FCAD651885D4E7006F8B21 /* CoreGraphics.framework in Frameworks */ = {isa = PBXBuildFile; fileRef = 05FCAD641885D4E7006F8B21 /* CoreGraphics.framework */; };
		05FCAD671885D4E7006F8B21 /* UIKit.framework in Frameworks */ = {isa = PBXBuildFile; fileRef = 05FCAD661885D4E7006F8B21 /* UIKit.framework */; };
		05FCAD6D1885D4E7006F8B21 /* InfoPlist.strings in Resources */ = {isa = PBXBuildFile; fileRef = 05FCAD6B1885D4E7006F8B21 /* InfoPlist.strings */; };
		05FCAD6F1885D4E7006F8B21 /* main.m in Sources */ = {isa = PBXBuildFile; fileRef = 05FCAD6E1885D4E7006F8B21 /* main.m */; };
		05FCAD731885D4E7006F8B21 /* AppDelegate.m in Sources */ = {isa = PBXBuildFile; fileRef = 05FCAD721885D4E7006F8B21 /* AppDelegate.m */; };
		05FCAD761885D4E7006F8B21 /* Main.storyboard in Resources */ = {isa = PBXBuildFile; fileRef = 05FCAD741885D4E7006F8B21 /* Main.storyboard */; };
		05FCAD791885D4E7006F8B21 /* ViewController.m in Sources */ = {isa = PBXBuildFile; fileRef = 05FCAD781885D4E7006F8B21 /* ViewController.m */; };
		05FCAD7B1885D4E7006F8B21 /* Images.xcassets in Resources */ = {isa = PBXBuildFile; fileRef = 05FCAD7A1885D4E7006F8B21 /* Images.xcassets */; };
		05FCAD821885D4E7006F8B21 /* XCTest.framework in Frameworks */ = {isa = PBXBuildFile; fileRef = 05FCAD811885D4E7006F8B21 /* XCTest.framework */; };
		05FCAD831885D4E7006F8B21 /* Foundation.framework in Frameworks */ = {isa = PBXBuildFile; fileRef = 05FCAD621885D4E7006F8B21 /* Foundation.framework */; };
		05FCAD841885D4E7006F8B21 /* UIKit.framework in Frameworks */ = {isa = PBXBuildFile; fileRef = 05FCAD661885D4E7006F8B21 /* UIKit.framework */; };
		05FCAD8C1885D4E7006F8B21 /* InfoPlist.strings in Resources */ = {isa = PBXBuildFile; fileRef = 05FCAD8A1885D4E7006F8B21 /* InfoPlist.strings */; };
		05FCAD8E1885D4E7006F8B21 /* MCMSTests.m in Sources */ = {isa = PBXBuildFile; fileRef = 05FCAD8D1885D4E7006F8B21 /* MCMSTests.m */; };
		05FCAD991885DA42006F8B21 /* CreatureViewController.m in Sources */ = {isa = PBXBuildFile; fileRef = 05FCAD981885DA42006F8B21 /* CreatureViewController.m */; };
		05FCAD9C1885DB0B006F8B21 /* MagicalCreature.m in Sources */ = {isa = PBXBuildFile; fileRef = 05FCAD9B1885DB0B006F8B21 /* MagicalCreature.m */; };
		05FCAD9E1885F1CB006F8B21 /* CheckMate.framework in Frameworks */ = {isa = PBXBuildFile; fileRef = 05FCAD9D1885F1CB006F8B21 /* CheckMate.framework */; };
		05FCADA01885FC99006F8B21 /* Images in Resources */ = {isa = PBXBuildFile; fileRef = 05FCAD9F1885FC99006F8B21 /* Images */; };
		05FCADA318860CA6006F8B21 /* Accessory.m in Sources */ = {isa = PBXBuildFile; fileRef = 05FCADA218860CA6006F8B21 /* Accessory.m */; };
		05FCADA61886114A006F8B21 /* BattleViewController.m in Sources */ = {isa = PBXBuildFile; fileRef = 05FCADA51886114A006F8B21 /* BattleViewController.m */; };
/* End PBXBuildFile section */

/* Begin PBXContainerItemProxy section */
		05FCAD851885D4E7006F8B21 /* PBXContainerItemProxy */ = {
			isa = PBXContainerItemProxy;
			containerPortal = 05FCAD571885D4E7006F8B21 /* Project object */;
			proxyType = 1;
			remoteGlobalIDString = 05FCAD5E1885D4E7006F8B21;
			remoteInfo = MCMS;
		};
/* End PBXContainerItemProxy section */

/* Begin PBXFileReference section */
		05FCAD5F1885D4E7006F8B21 /* MCMS.app */ = {isa = PBXFileReference; explicitFileType = wrapper.application; includeInIndex = 0; path = MCMS.app; sourceTree = BUILT_PRODUCTS_DIR; };
		05FCAD621885D4E7006F8B21 /* Foundation.framework */ = {isa = PBXFileReference; lastKnownFileType = wrapper.framework; name = Foundation.framework; path = System/Library/Frameworks/Foundation.framework; sourceTree = SDKROOT; };
		05FCAD641885D4E7006F8B21 /* CoreGraphics.framework */ = {isa = PBXFileReference; lastKnownFileType = wrapper.framework; name = CoreGraphics.framework; path = System/Library/Frameworks/CoreGraphics.framework; sourceTree = SDKROOT; };
		05FCAD661885D4E7006F8B21 /* UIKit.framework */ = {isa = PBXFileReference; lastKnownFileType = wrapper.framework; name = UIKit.framework; path = System/Library/Frameworks/UIKit.framework; sourceTree = SDKROOT; };
		05FCAD6A1885D4E7006F8B21 /* MCMS-Info.plist */ = {isa = PBXFileReference; lastKnownFileType = text.plist.xml; path = "MCMS-Info.plist"; sourceTree = "<group>"; };
		05FCAD6C1885D4E7006F8B21 /* en */ = {isa = PBXFileReference; lastKnownFileType = text.plist.strings; name = en; path = en.lproj/InfoPlist.strings; sourceTree = "<group>"; };
		05FCAD6E1885D4E7006F8B21 /* main.m */ = {isa = PBXFileReference; lastKnownFileType = sourcecode.c.objc; path = main.m; sourceTree = "<group>"; };
		05FCAD701885D4E7006F8B21 /* MCMS-Prefix.pch */ = {isa = PBXFileReference; lastKnownFileType = sourcecode.c.h; path = "MCMS-Prefix.pch"; sourceTree = "<group>"; };
		05FCAD711885D4E7006F8B21 /* AppDelegate.h */ = {isa = PBXFileReference; lastKnownFileType = sourcecode.c.h; path = AppDelegate.h; sourceTree = "<group>"; };
		05FCAD721885D4E7006F8B21 /* AppDelegate.m */ = {isa = PBXFileReference; lastKnownFileType = sourcecode.c.objc; path = AppDelegate.m; sourceTree = "<group>"; };
		05FCAD751885D4E7006F8B21 /* Base */ = {isa = PBXFileReference; lastKnownFileType = file.storyboard; name = Base; path = Base.lproj/Main.storyboard; sourceTree = "<group>"; };
		05FCAD771885D4E7006F8B21 /* ViewController.h */ = {isa = PBXFileReference; lastKnownFileType = sourcecode.c.h; path = ViewController.h; sourceTree = "<group>"; };
		05FCAD781885D4E7006F8B21 /* ViewController.m */ = {isa = PBXFileReference; lastKnownFileType = sourcecode.c.objc; path = ViewController.m; sourceTree = "<group>"; };
		05FCAD7A1885D4E7006F8B21 /* Images.xcassets */ = {isa = PBXFileReference; lastKnownFileType = folder.assetcatalog; path = Images.xcassets; sourceTree = "<group>"; };
		05FCAD801885D4E7006F8B21 /* MCMSTests.xctest */ = {isa = PBXFileReference; explicitFileType = wrapper.cfbundle; includeInIndex = 0; path = MCMSTests.xctest; sourceTree = BUILT_PRODUCTS_DIR; };
		05FCAD811885D4E7006F8B21 /* XCTest.framework */ = {isa = PBXFileReference; lastKnownFileType = wrapper.framework; name = XCTest.framework; path = Library/Frameworks/XCTest.framework; sourceTree = DEVELOPER_DIR; };
		05FCAD891885D4E7006F8B21 /* MCMSTests-Info.plist */ = {isa = PBXFileReference; lastKnownFileType = text.plist.xml; path = "MCMSTests-Info.plist"; sourceTree = "<group>"; };
		05FCAD8B1885D4E7006F8B21 /* en */ = {isa = PBXFileReference; lastKnownFileType = text.plist.strings; name = en; path = en.lproj/InfoPlist.strings; sourceTree = "<group>"; };
		05FCAD8D1885D4E7006F8B21 /* MCMSTests.m */ = {isa = PBXFileReference; lastKnownFileType = sourcecode.c.objc; path = MCMSTests.m; sourceTree = "<group>"; };
		05FCAD971885DA42006F8B21 /* CreatureViewController.h */ = {isa = PBXFileReference; fileEncoding = 4; lastKnownFileType = sourcecode.c.h; path = CreatureViewController.h; sourceTree = "<group>"; };
		05FCAD981885DA42006F8B21 /* CreatureViewController.m */ = {isa = PBXFileReference; fileEncoding = 4; lastKnownFileType = sourcecode.c.objc; path = CreatureViewController.m; sourceTree = "<group>"; };
		05FCAD9A1885DB0B006F8B21 /* MagicalCreature.h */ = {isa = PBXFileReference; fileEncoding = 4; lastKnownFileType = sourcecode.c.h; path = MagicalCreature.h; sourceTree = "<group>"; };
		05FCAD9B1885DB0B006F8B21 /* MagicalCreature.m */ = {isa = PBXFileReference; fileEncoding = 4; lastKnownFileType = sourcecode.c.objc; path = MagicalCreature.m; sourceTree = "<group>"; };
		05FCAD9D1885F1CB006F8B21 /* CheckMate.framework */ = {isa = PBXFileReference; lastKnownFileType = wrapper.framework; name = CheckMate.framework; path = ../CheckMate.framework; sourceTree = "<group>"; };
		05FCAD9F1885FC99006F8B21 /* Images */ = {isa = PBXFileReference; lastKnownFileType = folder; path = Images; sourceTree = "<group>"; };
		05FCADA118860CA6006F8B21 /* Accessory.h */ = {isa = PBXFileReference; fileEncoding = 4; lastKnownFileType = sourcecode.c.h; path = Accessory.h; sourceTree = "<group>"; };
		05FCADA218860CA6006F8B21 /* Accessory.m */ = {isa = PBXFileReference; fileEncoding = 4; lastKnownFileType = sourcecode.c.objc; path = Accessory.m; sourceTree = "<group>"; };
		05FCADA41886114A006F8B21 /* BattleViewController.h */ = {isa = PBXFileReference; fileEncoding = 4; lastKnownFileType = sourcecode.c.h; path = BattleViewController.h; sourceTree = "<group>"; };
		05FCADA51886114A006F8B21 /* BattleViewController.m */ = {isa = PBXFileReference; fileEncoding = 4; lastKnownFileType = sourcecode.c.objc; path = BattleViewController.m; sourceTree = "<group>"; };
/* End PBXFileReference section */

/* Begin PBXFrameworksBuildPhase section */
		05FCAD5C1885D4E7006F8B21 /* Frameworks */ = {
			isa = PBXFrameworksBuildPhase;
			buildActionMask = 2147483647;
			files = (
				05FCAD9E1885F1CB006F8B21 /* CheckMate.framework in Frameworks */,
				05FCAD651885D4E7006F8B21 /* CoreGraphics.framework in Frameworks */,
				05FCAD671885D4E7006F8B21 /* UIKit.framework in Frameworks */,
				05FCAD631885D4E7006F8B21 /* Foundation.framework in Frameworks */,
			);
			runOnlyForDeploymentPostprocessing = 0;
		};
		05FCAD7D1885D4E7006F8B21 /* Frameworks */ = {
			isa = PBXFrameworksBuildPhase;
			buildActionMask = 2147483647;
			files = (
				05FCAD821885D4E7006F8B21 /* XCTest.framework in Frameworks */,
				05FCAD841885D4E7006F8B21 /* UIKit.framework in Frameworks */,
				05FCAD831885D4E7006F8B21 /* Foundation.framework in Frameworks */,
			);
			runOnlyForDeploymentPostprocessing = 0;
		};
/* End PBXFrameworksBuildPhase section */

/* Begin PBXGroup section */
		05FCAD561885D4E7006F8B21 = {
			isa = PBXGroup;
			children = (
				05FCAD681885D4E7006F8B21 /* MCMS */,
				05FCAD871885D4E7006F8B21 /* MCMSTests */,
				05FCAD611885D4E7006F8B21 /* Frameworks */,
				05FCAD601885D4E7006F8B21 /* Products */,
			);
			sourceTree = "<group>";
		};
		05FCAD601885D4E7006F8B21 /* Products */ = {
			isa = PBXGroup;
			children = (
				05FCAD5F1885D4E7006F8B21 /* MCMS.app */,
				05FCAD801885D4E7006F8B21 /* MCMSTests.xctest */,
			);
			name = Products;
			sourceTree = "<group>";
		};
		05FCAD611885D4E7006F8B21 /* Frameworks */ = {
			isa = PBXGroup;
			children = (
				05FCAD9D1885F1CB006F8B21 /* CheckMate.framework */,
				05FCAD621885D4E7006F8B21 /* Foundation.framework */,
				05FCAD641885D4E7006F8B21 /* CoreGraphics.framework */,
				05FCAD661885D4E7006F8B21 /* UIKit.framework */,
				05FCAD811885D4E7006F8B21 /* XCTest.framework */,
			);
			name = Frameworks;
			sourceTree = "<group>";
		};
		05FCAD681885D4E7006F8B21 /* MCMS */ = {
			isa = PBXGroup;
			children = (
				05FCAD711885D4E7006F8B21 /* AppDelegate.h */,
				05FCAD721885D4E7006F8B21 /* AppDelegate.m */,
				05FCAD741885D4E7006F8B21 /* Main.storyboard */,
				05FCAD971885DA42006F8B21 /* CreatureViewController.h */,
				05FCAD981885DA42006F8B21 /* CreatureViewController.m */,
				05FCADA41886114A006F8B21 /* BattleViewController.h */,
				05FCADA51886114A006F8B21 /* BattleViewController.m */,
				05FCAD9A1885DB0B006F8B21 /* MagicalCreature.h */,
				05FCAD9B1885DB0B006F8B21 /* MagicalCreature.m */,
				05FCADA118860CA6006F8B21 /* Accessory.h */,
				05FCADA218860CA6006F8B21 /* Accessory.m */,
				05FCAD771885D4E7006F8B21 /* ViewController.h */,
				05FCAD781885D4E7006F8B21 /* ViewController.m */,
				05FCAD7A1885D4E7006F8B21 /* Images.xcassets */,
				05FCAD691885D4E7006F8B21 /* Supporting Files */,
			);
			path = MCMS;
			sourceTree = "<group>";
		};
		05FCAD691885D4E7006F8B21 /* Supporting Files */ = {
			isa = PBXGroup;
			children = (
				05FCAD9F1885FC99006F8B21 /* Images */,
				05FCAD6A1885D4E7006F8B21 /* MCMS-Info.plist */,
				05FCAD6B1885D4E7006F8B21 /* InfoPlist.strings */,
				05FCAD6E1885D4E7006F8B21 /* main.m */,
				05FCAD701885D4E7006F8B21 /* MCMS-Prefix.pch */,
			);
			name = "Supporting Files";
			sourceTree = "<group>";
		};
		05FCAD871885D4E7006F8B21 /* MCMSTests */ = {
			isa = PBXGroup;
			children = (
				05FCAD8D1885D4E7006F8B21 /* MCMSTests.m */,
				05FCAD881885D4E7006F8B21 /* Supporting Files */,
			);
			path = MCMSTests;
			sourceTree = "<group>";
		};
		05FCAD881885D4E7006F8B21 /* Supporting Files */ = {
			isa = PBXGroup;
			children = (
				05FCAD891885D4E7006F8B21 /* MCMSTests-Info.plist */,
				05FCAD8A1885D4E7006F8B21 /* InfoPlist.strings */,
			);
			name = "Supporting Files";
			sourceTree = "<group>";
		};
/* End PBXGroup section */

/* Begin PBXNativeTarget section */
		05FCAD5E1885D4E7006F8B21 /* MCMS */ = {
			isa = PBXNativeTarget;
			buildConfigurationList = 05FCAD911885D4E7006F8B21 /* Build configuration list for PBXNativeTarget "MCMS" */;
			buildPhases = (
				05FCAD5B1885D4E7006F8B21 /* Sources */,
				05FCAD5C1885D4E7006F8B21 /* Frameworks */,
				05FCAD5D1885D4E7006F8B21 /* Resources */,
			);
			buildRules = (
			);
			dependencies = (
			);
			name = MCMS;
			productName = MCMS;
			productReference = 05FCAD5F1885D4E7006F8B21 /* MCMS.app */;
			productType = "com.apple.product-type.application";
		};
		05FCAD7F1885D4E7006F8B21 /* MCMSTests */ = {
			isa = PBXNativeTarget;
			buildConfigurationList = 05FCAD941885D4E7006F8B21 /* Build configuration list for PBXNativeTarget "MCMSTests" */;
			buildPhases = (
				05FCAD7C1885D4E7006F8B21 /* Sources */,
				05FCAD7D1885D4E7006F8B21 /* Frameworks */,
				05FCAD7E1885D4E7006F8B21 /* Resources */,
			);
			buildRules = (
			);
			dependencies = (
				05FCAD861885D4E7006F8B21 /* PBXTargetDependency */,
			);
			name = MCMSTests;
			productName = MCMSTests;
			productReference = 05FCAD801885D4E7006F8B21 /* MCMSTests.xctest */;
			productType = "com.apple.product-type.bundle.unit-test";
		};
/* End PBXNativeTarget section */

/* Begin PBXProject section */
		05FCAD571885D4E7006F8B21 /* Project object */ = {
			isa = PBXProject;
			attributes = {
				LastUpgradeCheck = 0500;
				ORGANIZATIONNAME = "Big Red INC";
				TargetAttributes = {
					05FCAD7F1885D4E7006F8B21 = {
						TestTargetID = 05FCAD5E1885D4E7006F8B21;
					};
				};
			};
			buildConfigurationList = 05FCAD5A1885D4E7006F8B21 /* Build configuration list for PBXProject "MCMS" */;
			compatibilityVersion = "Xcode 3.2";
			developmentRegion = English;
			hasScannedForEncodings = 0;
			knownRegions = (
				en,
				Base,
			);
			mainGroup = 05FCAD561885D4E7006F8B21;
			productRefGroup = 05FCAD601885D4E7006F8B21 /* Products */;
			projectDirPath = "";
			projectRoot = "";
			targets = (
				05FCAD5E1885D4E7006F8B21 /* MCMS */,
				05FCAD7F1885D4E7006F8B21 /* MCMSTests */,
			);
		};
/* End PBXProject section */

/* Begin PBXResourcesBuildPhase section */
		05FCAD5D1885D4E7006F8B21 /* Resources */ = {
			isa = PBXResourcesBuildPhase;
			buildActionMask = 2147483647;
			files = (
				05FCADA01885FC99006F8B21 /* Images in Resources */,
				05FCAD7B1885D4E7006F8B21 /* Images.xcassets in Resources */,
				05FCAD6D1885D4E7006F8B21 /* InfoPlist.strings in Resources */,
				05FCAD761885D4E7006F8B21 /* Main.storyboard in Resources */,
			);
			runOnlyForDeploymentPostprocessing = 0;
		};
		05FCAD7E1885D4E7006F8B21 /* Resources */ = {
			isa = PBXResourcesBuildPhase;
			buildActionMask = 2147483647;
			files = (
				05FCAD8C1885D4E7006F8B21 /* InfoPlist.strings in Resources */,
			);
			runOnlyForDeploymentPostprocessing = 0;
		};
/* End PBXResourcesBuildPhase section */

/* Begin PBXSourcesBuildPhase section */
		05FCAD5B1885D4E7006F8B21 /* Sources */ = {
			isa = PBXSourcesBuildPhase;
			buildActionMask = 2147483647;
			files = (
				05FCAD791885D4E7006F8B21 /* ViewController.m in Sources */,
				05FCADA61886114A006F8B21 /* BattleViewController.m in Sources */,
				05FCAD991885DA42006F8B21 /* CreatureViewController.m in Sources */,
				05FCADA318860CA6006F8B21 /* Accessory.m in Sources */,
				05FCAD9C1885DB0B006F8B21 /* MagicalCreature.m in Sources */,
				05FCAD731885D4E7006F8B21 /* AppDelegate.m in Sources */,
				05FCAD6F1885D4E7006F8B21 /* main.m in Sources */,
			);
			runOnlyForDeploymentPostprocessing = 0;
		};
		05FCAD7C1885D4E7006F8B21 /* Sources */ = {
			isa = PBXSourcesBuildPhase;
			buildActionMask = 2147483647;
			files = (
				05FCAD8E1885D4E7006F8B21 /* MCMSTests.m in Sources */,
			);
			runOnlyForDeploymentPostprocessing = 0;
		};
/* End PBXSourcesBuildPhase section */

/* Begin PBXTargetDependency section */
		05FCAD861885D4E7006F8B21 /* PBXTargetDependency */ = {
			isa = PBXTargetDependency;
			target = 05FCAD5E1885D4E7006F8B21 /* MCMS */;
			targetProxy = 05FCAD851885D4E7006F8B21 /* PBXContainerItemProxy */;
		};
/* End PBXTargetDependency section */

/* Begin PBXVariantGroup section */
		05FCAD6B1885D4E7006F8B21 /* InfoPlist.strings */ = {
			isa = PBXVariantGroup;
			children = (
				05FCAD6C1885D4E7006F8B21 /* en */,
			);
			name = InfoPlist.strings;
			sourceTree = "<group>";
		};
		05FCAD741885D4E7006F8B21 /* Main.storyboard */ = {
			isa = PBXVariantGroup;
			children = (
				05FCAD751885D4E7006F8B21 /* Base */,
			);
			name = Main.storyboard;
			sourceTree = "<group>";
		};
		05FCAD8A1885D4E7006F8B21 /* InfoPlist.strings */ = {
			isa = PBXVariantGroup;
			children = (
				05FCAD8B1885D4E7006F8B21 /* en */,
			);
			name = InfoPlist.strings;
			sourceTree = "<group>";
		};
/* End PBXVariantGroup section */

/* Begin XCBuildConfiguration section */
		05FCAD8F1885D4E7006F8B21 /* Debug */ = {
			isa = XCBuildConfiguration;
			buildSettings = {
				ALWAYS_SEARCH_USER_PATHS = NO;
				ARCHS = "$(ARCHS_STANDARD_INCLUDING_64_BIT)";
				CLANG_CXX_LANGUAGE_STANDARD = "gnu++0x";
				CLANG_CXX_LIBRARY = "libc++";
				CLANG_ENABLE_MODULES = YES;
				CLANG_ENABLE_OBJC_ARC = YES;
				CLANG_WARN_BOOL_CONVERSION = YES;
				CLANG_WARN_CONSTANT_CONVERSION = YES;
				CLANG_WARN_DIRECT_OBJC_ISA_USAGE = YES_ERROR;
				CLANG_WARN_EMPTY_BODY = YES;
				CLANG_WARN_ENUM_CONVERSION = YES;
				CLANG_WARN_INT_CONVERSION = YES;
				CLANG_WARN_OBJC_ROOT_CLASS = YES_ERROR;
				CLANG_WARN__DUPLICATE_METHOD_MATCH = YES;
				"CODE_SIGN_IDENTITY[sdk=iphoneos*]" = "iPhone Developer";
				COPY_PHASE_STRIP = NO;
				GCC_C_LANGUAGE_STANDARD = gnu99;
				GCC_DYNAMIC_NO_PIC = NO;
				GCC_OPTIMIZATION_LEVEL = 0;
				GCC_PREPROCESSOR_DEFINITIONS = (
					"DEBUG=1",
					"$(inherited)",
				);
				GCC_SYMBOLS_PRIVATE_EXTERN = NO;
				GCC_WARN_64_TO_32_BIT_CONVERSION = YES;
				GCC_WARN_ABOUT_RETURN_TYPE = YES_ERROR;
				GCC_WARN_UNDECLARED_SELECTOR = YES;
				GCC_WARN_UNINITIALIZED_AUTOS = YES;
				GCC_WARN_UNUSED_FUNCTION = YES;
				GCC_WARN_UNUSED_VARIABLE = YES;
				IPHONEOS_DEPLOYMENT_TARGET = 7.0;
				ONLY_ACTIVE_ARCH = YES;
				SDKROOT = iphoneos;
			};
			name = Debug;
		};
		05FCAD901885D4E7006F8B21 /* Release */ = {
			isa = XCBuildConfiguration;
			buildSettings = {
				ALWAYS_SEARCH_USER_PATHS = NO;
				ARCHS = "$(ARCHS_STANDARD_INCLUDING_64_BIT)";
				CLANG_CXX_LANGUAGE_STANDARD = "gnu++0x";
				CLANG_CXX_LIBRARY = "libc++";
				CLANG_ENABLE_MODULES = YES;
				CLANG_ENABLE_OBJC_ARC = YES;
				CLANG_WARN_BOOL_CONVERSION = YES;
				CLANG_WARN_CONSTANT_CONVERSION = YES;
				CLANG_WARN_DIRECT_OBJC_ISA_USAGE = YES_ERROR;
				CLANG_WARN_EMPTY_BODY = YES;
				CLANG_WARN_ENUM_CONVERSION = YES;
				CLANG_WARN_INT_CONVERSION = YES;
				CLANG_WARN_OBJC_ROOT_CLASS = YES_ERROR;
				CLANG_WARN__DUPLICATE_METHOD_MATCH = YES;
				"CODE_SIGN_IDENTITY[sdk=iphoneos*]" = "iPhone Developer";
				COPY_PHASE_STRIP = YES;
				ENABLE_NS_ASSERTIONS = NO;
				GCC_C_LANGUAGE_STANDARD = gnu99;
				GCC_WARN_64_TO_32_BIT_CONVERSION = YES;
				GCC_WARN_ABOUT_RETURN_TYPE = YES_ERROR;
				GCC_WARN_UNDECLARED_SELECTOR = YES;
				GCC_WARN_UNINITIALIZED_AUTOS = YES;
				GCC_WARN_UNUSED_FUNCTION = YES;
				GCC_WARN_UNUSED_VARIABLE = YES;
				IPHONEOS_DEPLOYMENT_TARGET = 7.0;
				SDKROOT = iphoneos;
				VALIDATE_PRODUCT = YES;
			};
			name = Release;
		};
		05FCAD921885D4E7006F8B21 /* Debug */ = {
			isa = XCBuildConfiguration;
			buildSettings = {
				ASSETCATALOG_COMPILER_APPICON_NAME = AppIcon;
				ASSETCATALOG_COMPILER_LAUNCHIMAGE_NAME = LaunchImage;
				FRAMEWORK_SEARCH_PATHS = (
					"$(inherited)",
					/Users/JohnMalloy/Developer/MM2014,
				);
				GCC_PRECOMPILE_PREFIX_HEADER = YES;
				GCC_PREFIX_HEADER = "MCMS/MCMS-Prefix.pch";
				INFOPLIST_FILE = "MCMS/MCMS-Info.plist";
				PRODUCT_NAME = "$(TARGET_NAME)";
				WRAPPER_EXTENSION = app;
			};
			name = Debug;
		};
		05FCAD931885D4E7006F8B21 /* Release */ = {
			isa = XCBuildConfiguration;
			buildSettings = {
				ASSETCATALOG_COMPILER_APPICON_NAME = AppIcon;
				ASSETCATALOG_COMPILER_LAUNCHIMAGE_NAME = LaunchImage;
				FRAMEWORK_SEARCH_PATHS = (
					"$(inherited)",
					/Users/JohnMalloy/Developer/MM2014,
				);
				GCC_PRECOMPILE_PREFIX_HEADER = YES;
				GCC_PREFIX_HEADER = "MCMS/MCMS-Prefix.pch";
				INFOPLIST_FILE = "MCMS/MCMS-Info.plist";
				PRODUCT_NAME = "$(TARGET_NAME)";
				WRAPPER_EXTENSION = app;
			};
			name = Release;
		};
		05FCAD951885D4E7006F8B21 /* Debug */ = {
			isa = XCBuildConfiguration;
			buildSettings = {
				ARCHS = "$(ARCHS_STANDARD_INCLUDING_64_BIT)";
				BUNDLE_LOADER = "$(BUILT_PRODUCTS_DIR)/MCMS.app/MCMS";
				FRAMEWORK_SEARCH_PATHS = (
					"$(SDKROOT)/Developer/Library/Frameworks",
					"$(inherited)",
					"$(DEVELOPER_FRAMEWORKS_DIR)",
				);
				GCC_PRECOMPILE_PREFIX_HEADER = YES;
				GCC_PREFIX_HEADER = "MCMS/MCMS-Prefix.pch";
				GCC_PREPROCESSOR_DEFINITIONS = (
					"DEBUG=1",
					"$(inherited)",
				);
				INFOPLIST_FILE = "MCMSTests/MCMSTests-Info.plist";
				PRODUCT_NAME = "$(TARGET_NAME)";
				TEST_HOST = "$(BUNDLE_LOADER)";
				WRAPPER_EXTENSION = xctest;
			};
			name = Debug;
		};
		05FCAD961885D4E7006F8B21 /* Release */ = {
			isa = XCBuildConfiguration;
			buildSettings = {
				ARCHS = "$(ARCHS_STANDARD_INCLUDING_64_BIT)";
				BUNDLE_LOADER = "$(BUILT_PRODUCTS_DIR)/MCMS.app/MCMS";
				FRAMEWORK_SEARCH_PATHS = (
					"$(SDKROOT)/Developer/Library/Frameworks",
					"$(inherited)",
					"$(DEVELOPER_FRAMEWORKS_DIR)",
				);
				GCC_PRECOMPILE_PREFIX_HEADER = YES;
				GCC_PREFIX_HEADER = "MCMS/MCMS-Prefix.pch";
				INFOPLIST_FILE = "MCMSTests/MCMSTests-Info.plist";
				PRODUCT_NAME = "$(TARGET_NAME)";
				TEST_HOST = "$(BUNDLE_LOADER)";
				WRAPPER_EXTENSION = xctest;
			};
			name = Release;
		};
/* End XCBuildConfiguration section */

/* Begin XCConfigurationList section */
		05FCAD5A1885D4E7006F8B21 /* Build configuration list for PBXProject "MCMS" */ = {
			isa = XCConfigurationList;
			buildConfigurations = (
				05FCAD8F1885D4E7006F8B21 /* Debug */,
				05FCAD901885D4E7006F8B21 /* Release */,
			);
			defaultConfigurationIsVisible = 0;
			defaultConfigurationName = Release;
		};
		05FCAD911885D4E7006F8B21 /* Build configuration list for PBXNativeTarget "MCMS" */ = {
			isa = XCConfigurationList;
			buildConfigurations = (
				05FCAD921885D4E7006F8B21 /* Debug */,
				05FCAD931885D4E7006F8B21 /* Release */,
			);
			defaultConfigurationIsVisible = 0;
		};
		05FCAD941885D4E7006F8B21 /* Build configuration list for PBXNativeTarget "MCMSTests" */ = {
			isa = XCConfigurationList;
			buildConfigurations = (
				05FCAD951885D4E7006F8B21 /* Debug */,
				05FCAD961885D4E7006F8B21 /* Release */,
			);
			defaultConfigurationIsVisible = 0;
		};
/* End XCConfigurationList section */
	};
	rootObject = 05FCAD571885D4E7006F8B21 /* Project object */;
}
